
Microsoft Visual Studio Solution File, Format Version 12.00
# Visual Studio Version 16
VisualStudioVersion = 16.0.31220.234
MinimumVisualStudioVersion = 10.0.40219.1
Project("{9A19103F-16F7-4668-BE54-9A1E7A4F7556}") = "FirstProject", "FirstProject\FirstProject.csproj", "{903D1E50-93AA-4D6C-BF65-9F4212C84A54}"
EndProject
Project("{9A19103F-16F7-4668-BE54-9A1E7A4F7556}") = "FirstProject.WinUI", "FirstProject.WinUI\FirstProject.WinUI.csproj", "{5E8757CC-60B5-413E-BBAD-3AA052A6F495}"
EndProject
Global
	GlobalSection(SolutionConfigurationPlatforms) = preSolution
		Debug|Any CPU = Debug|Any CPU
		Release|Any CPU = Release|Any CPU
	EndGlobalSection
	GlobalSection(ProjectConfigurationPlatforms) = postSolution
		{903D1E50-93AA-4D6C-BF65-9F4212C84A54}.Debug|Any CPU.ActiveCfg = Debug|Any CPU
		{903D1E50-93AA-4D6C-BF65-9F4212C84A54}.Debug|Any CPU.Build.0 = Debug|Any CPU
		{903D1E50-93AA-4D6C-BF65-9F4212C84A54}.Debug|Any CPU.Deploy.0 = Debug|Any CPU
		{903D1E50-93AA-4D6C-BF65-9F4212C84A54}.Release|Any CPU.ActiveCfg = Release|Any CPU
		{903D1E50-93AA-4D6C-BF65-9F4212C84A54}.Release|Any CPU.Build.0 = Release|Any CPU
		{903D1E50-93AA-4D6C-BF65-9F4212C84A54}.Release|Any CPU.Deploy.0 = Release|Any CPU
		{5E8757CC-60B5-413E-BBAD-3AA052A6F495}.Debug|Any CPU.ActiveCfg = Debug|Any CPU
		{5E8757CC-60B5-413E-BBAD-3AA052A6F495}.Debug|Any CPU.Build.0 = Debug|Any CPU
		{5E8757CC-60B5-413E-BBAD-3AA052A6F495}.Debug|Any CPU.Deploy.0 = Debug|Any CPU
		{5E8757CC-60B5-413E-BBAD-3AA052A6F495}.Release|Any CPU.ActiveCfg = Release|Any CPU
		{5E8757CC-60B5-413E-BBAD-3AA052A6F495}.Release|Any CPU.Build.0 = Release|Any CPU
		{5E8757CC-60B5-413E-BBAD-3AA052A6F495}.Release|Any CPU.Deploy.0 = Release|Any CPU
	EndGlobalSection
	GlobalSection(SolutionProperties) = preSolution
		HideSolutionNode = FALSE
	EndGlobalSection
	GlobalSection(ExtensibilityGlobals) = postSolution
		SolutionGuid = {61F7FB11-1E47-470C-91E2-47F8143E1572}
	EndGlobalSection
EndGlobal
